
Microsoft Visual Studio Solution File, Format Version 12.00
# Visual Studio Version 16
VisualStudioVersion = 16.0.30002.166
MinimumVisualStudioVersion = 15.0.26124.0
Project("{9A19103F-16F7-4668-BE54-9A1E7A4F7556}") = "Luminis.AzureActiveDirectory", "Luminis.AzureActiveDirectory\Luminis.AzureActiveDirectory.csproj", "{40AC13F6-0E92-48D3-91C9-9A03EB64B38C}"
EndProject
Project("{9A19103F-16F7-4668-BE54-9A1E7A4F7556}") = "Luminis.AzureActiveDirectory.Extensions", "Luminis.AzureActiveDirectory.Extensions\Luminis.AzureActiveDirectory.Extensions.csproj", "{24E3725A-5BF1-4553-8E09-D8E1C17B1A49}"
EndProject
Project("{2150E333-8FDC-42A3-9474-1A3956D46DE8}") = "Solution Items", "Solution Items", "{F96E7555-F727-414F-9284-981D26A4EC47}"
	ProjectSection(SolutionItems) = preProject
		azure-pipelines.yaml = azure-pipelines.yaml
		license.txt = license.txt
		Readme.md = Readme.md
	EndProjectSection
EndProject
Project("{9A19103F-16F7-4668-BE54-9A1E7A4F7556}") = "Luminis.AzureActiveDirectory.Test", "Luminis.AzureActiveDirectory.Test\Luminis.AzureActiveDirectory.Test.csproj", "{0391A792-FC0F-4B93-9E5B-675250611EAE}"
EndProject
Global
	GlobalSection(SolutionConfigurationPlatforms) = preSolution
		Debug|Any CPU = Debug|Any CPU
		Debug|x64 = Debug|x64
		Debug|x86 = Debug|x86
		Release|Any CPU = Release|Any CPU
		Release|x64 = Release|x64
		Release|x86 = Release|x86
	EndGlobalSection
	GlobalSection(ProjectConfigurationPlatforms) = postSolution
		{40AC13F6-0E92-48D3-91C9-9A03EB64B38C}.Debug|Any CPU.ActiveCfg = Debug|Any CPU
		{40AC13F6-0E92-48D3-91C9-9A03EB64B38C}.Debug|Any CPU.Build.0 = Debug|Any CPU
		{40AC13F6-0E92-48D3-91C9-9A03EB64B38C}.Debug|x64.ActiveCfg = Debug|Any CPU
		{40AC13F6-0E92-48D3-91C9-9A03EB64B38C}.Debug|x64.Build.0 = Debug|Any CPU
		{40AC13F6-0E92-48D3-91C9-9A03EB64B38C}.Debug|x86.ActiveCfg = Debug|Any CPU
		{40AC13F6-0E92-48D3-91C9-9A03EB64B38C}.Debug|x86.Build.0 = Debug|Any CPU
		{40AC13F6-0E92-48D3-91C9-9A03EB64B38C}.Release|Any CPU.ActiveCfg = Release|Any CPU
		{40AC13F6-0E92-48D3-91C9-9A03EB64B38C}.Release|Any CPU.Build.0 = Release|Any CPU
		{40AC13F6-0E92-48D3-91C9-9A03EB64B38C}.Release|x64.ActiveCfg = Release|Any CPU
		{40AC13F6-0E92-48D3-91C9-9A03EB64B38C}.Release|x64.Build.0 = Release|Any CPU
		{40AC13F6-0E92-48D3-91C9-9A03EB64B38C}.Release|x86.ActiveCfg = Release|Any CPU
		{40AC13F6-0E92-48D3-91C9-9A03EB64B38C}.Release|x86.Build.0 = Release|Any CPU
		{24E3725A-5BF1-4553-8E09-D8E1C17B1A49}.Debug|Any CPU.ActiveCfg = Debug|Any CPU
		{24E3725A-5BF1-4553-8E09-D8E1C17B1A49}.Debug|Any CPU.Build.0 = Debug|Any CPU
		{24E3725A-5BF1-4553-8E09-D8E1C17B1A49}.Debug|x64.ActiveCfg = Debug|Any CPU
		{24E3725A-5BF1-4553-8E09-D8E1C17B1A49}.Debug|x64.Build.0 = Debug|Any CPU
		{24E3725A-5BF1-4553-8E09-D8E1C17B1A49}.Debug|x86.ActiveCfg = Debug|Any CPU
		{24E3725A-5BF1-4553-8E09-D8E1C17B1A49}.Debug|x86.Build.0 = Debug|Any CPU
		{24E3725A-5BF1-4553-8E09-D8E1C17B1A49}.Release|Any CPU.ActiveCfg = Release|Any CPU
		{24E3725A-5BF1-4553-8E09-D8E1C17B1A49}.Release|Any CPU.Build.0 = Release|Any CPU
		{24E3725A-5BF1-4553-8E09-D8E1C17B1A49}.Release|x64.ActiveCfg = Release|Any CPU
		{24E3725A-5BF1-4553-8E09-D8E1C17B1A49}.Release|x64.Build.0 = Release|Any CPU
		{24E3725A-5BF1-4553-8E09-D8E1C17B1A49}.Release|x86.ActiveCfg = Release|Any CPU
		{24E3725A-5BF1-4553-8E09-D8E1C17B1A49}.Release|x86.Build.0 = Release|Any CPU
		{0391A792-FC0F-4B93-9E5B-675250611EAE}.Debug|Any CPU.ActiveCfg = Debug|Any CPU
		{0391A792-FC0F-4B93-9E5B-675250611EAE}.Debug|Any CPU.Build.0 = Debug|Any CPU
		{0391A792-FC0F-4B93-9E5B-675250611EAE}.Debug|x64.ActiveCfg = Debug|Any CPU
		{0391A792-FC0F-4B93-9E5B-675250611EAE}.Debug|x64.Build.0 = Debug|Any CPU
		{0391A792-FC0F-4B93-9E5B-675250611EAE}.Debug|x86.ActiveCfg = Debug|Any CPU
		{0391A792-FC0F-4B93-9E5B-675250611EAE}.Debug|x86.Build.0 = Debug|Any CPU
		{0391A792-FC0F-4B93-9E5B-675250611EAE}.Release|Any CPU.ActiveCfg = Release|Any CPU
		{0391A792-FC0F-4B93-9E5B-675250611EAE}.Release|Any CPU.Build.0 = Release|Any CPU
		{0391A792-FC0F-4B93-9E5B-675250611EAE}.Release|x64.ActiveCfg = Release|Any CPU
		{0391A792-FC0F-4B93-9E5B-675250611EAE}.Release|x64.Build.0 = Release|Any CPU
		{0391A792-FC0F-4B93-9E5B-675250611EAE}.Release|x86.ActiveCfg = Release|Any CPU
		{0391A792-FC0F-4B93-9E5B-675250611EAE}.Release|x86.Build.0 = Release|Any CPU
	EndGlobalSection
	GlobalSection(SolutionProperties) = preSolution
		HideSolutionNode = FALSE
	EndGlobalSection
	GlobalSection(ExtensibilityGlobals) = postSolution
		SolutionGuid = {50F50C74-519D-4F53-ACB2-9C64403077BE}
	EndGlobalSection
EndGlobal
